// !$*UTF8*$!
{
	archiveVersion = 1;
	classes = {
	};
	objectVersion = 56;
	objects = {

/* Begin PBXBuildFile section */
		CE68F0692C48064400335706 /* FeelGoodApp.swift in Sources */ = {isa = PBXBuildFile; fileRef = CE68F0682C48064400335706 /* FeelGoodApp.swift */; };
		CE68F06D2C48064900335706 /* Assets.xcassets in Resources */ = {isa = PBXBuildFile; fileRef = CE68F06C2C48064900335706 /* Assets.xcassets */; };
		CE68F0702C48064900335706 /* Preview Assets.xcassets in Resources */ = {isa = PBXBuildFile; fileRef = CE68F06F2C48064900335706 /* Preview Assets.xcassets */; };
		CE68F07A2C48064A00335706 /* FeelGoodTests.swift in Sources */ = {isa = PBXBuildFile; fileRef = CE68F0792C48064A00335706 /* FeelGoodTests.swift */; };
		CE68F0842C48064A00335706 /* FeelGoodUITests.swift in Sources */ = {isa = PBXBuildFile; fileRef = CE68F0832C48064A00335706 /* FeelGoodUITests.swift */; };
		CE68F0862C48064A00335706 /* FeelGoodUITestsLaunchTests.swift in Sources */ = {isa = PBXBuildFile; fileRef = CE68F0852C48064A00335706 /* FeelGoodUITestsLaunchTests.swift */; };
		CE68F0962C483D0300335706 /* Quote.swift in Sources */ = {isa = PBXBuildFile; fileRef = CE68F0952C483D0300335706 /* Quote.swift */; };
		CE68F0982C483D8B00335706 /* GetQuote.swift in Sources */ = {isa = PBXBuildFile; fileRef = CE68F0972C483D8B00335706 /* GetQuote.swift */; };
		CE68F0A02C4844B300335706 /* QuoteViewModel.swift in Sources */ = {isa = PBXBuildFile; fileRef = CE68F09F2C4844B300335706 /* QuoteViewModel.swift */; };
		CE68F0A22C4846B400335706 /* QuoteView.swift in Sources */ = {isa = PBXBuildFile; fileRef = CE68F0A12C4846B300335706 /* QuoteView.swift */; };
		CEB2B55E2C48538E004AF898 /* ImageLoader.swift in Sources */ = {isa = PBXBuildFile; fileRef = CEB2B55D2C48538E004AF898 /* ImageLoader.swift */; };
		CED88D792C492C3900AF0A08 /* SplashQuoteView.swift in Sources */ = {isa = PBXBuildFile; fileRef = CED88D782C492C3900AF0A08 /* SplashQuoteView.swift */; };
		CED88D7C2C495A3A00AF0A08 /* ImageViewBuilder.swift in Sources */ = {isa = PBXBuildFile; fileRef = CED88D7B2C495A3A00AF0A08 /* ImageViewBuilder.swift */; };
		CED88D7E2C495B5400AF0A08 /* QuoteTextViewBuilder.swift in Sources */ = {isa = PBXBuildFile; fileRef = CED88D7D2C495B5400AF0A08 /* QuoteTextViewBuilder.swift */; };
		CED88D802C495CC700AF0A08 /* AuthorTextBuilder.swift in Sources */ = {isa = PBXBuildFile; fileRef = CED88D7F2C495CC700AF0A08 /* AuthorTextBuilder.swift */; };
/* End PBXBuildFile section */

/* Begin PBXContainerItemProxy section */
		CE68F0762C48064A00335706 /* PBXContainerItemProxy */ = {
			isa = PBXContainerItemProxy;
			containerPortal = CE68F05D2C48064400335706 /* Project object */;
			proxyType = 1;
			remoteGlobalIDString = CE68F0642C48064400335706;
			remoteInfo = FeelGood;
		};
		CE68F0802C48064A00335706 /* PBXContainerItemProxy */ = {
			isa = PBXContainerItemProxy;
			containerPortal = CE68F05D2C48064400335706 /* Project object */;
			proxyType = 1;
			remoteGlobalIDString = CE68F0642C48064400335706;
			remoteInfo = FeelGood;
		};
/* End PBXContainerItemProxy section */

/* Begin PBXFileReference section */
		CE68F0652C48064400335706 /* FeelGood.app */ = {isa = PBXFileReference; explicitFileType = wrapper.application; includeInIndex = 0; path = FeelGood.app; sourceTree = BUILT_PRODUCTS_DIR; };
		CE68F0682C48064400335706 /* FeelGoodApp.swift */ = {isa = PBXFileReference; lastKnownFileType = sourcecode.swift; path = FeelGoodApp.swift; sourceTree = "<group>"; };
		CE68F06C2C48064900335706 /* Assets.xcassets */ = {isa = PBXFileReference; lastKnownFileType = folder.assetcatalog; path = Assets.xcassets; sourceTree = "<group>"; };
		CE68F06F2C48064900335706 /* Preview Assets.xcassets */ = {isa = PBXFileReference; lastKnownFileType = folder.assetcatalog; path = "Preview Assets.xcassets"; sourceTree = "<group>"; };
		CE68F0752C48064A00335706 /* FeelGoodTests.xctest */ = {isa = PBXFileReference; explicitFileType = wrapper.cfbundle; includeInIndex = 0; path = FeelGoodTests.xctest; sourceTree = BUILT_PRODUCTS_DIR; };
		CE68F0792C48064A00335706 /* FeelGoodTests.swift */ = {isa = PBXFileReference; lastKnownFileType = sourcecode.swift; path = FeelGoodTests.swift; sourceTree = "<group>"; };
		CE68F07F2C48064A00335706 /* FeelGoodUITests.xctest */ = {isa = PBXFileReference; explicitFileType = wrapper.cfbundle; includeInIndex = 0; path = FeelGoodUITests.xctest; sourceTree = BUILT_PRODUCTS_DIR; };
		CE68F0832C48064A00335706 /* FeelGoodUITests.swift */ = {isa = PBXFileReference; lastKnownFileType = sourcecode.swift; path = FeelGoodUITests.swift; sourceTree = "<group>"; };
		CE68F0852C48064A00335706 /* FeelGoodUITestsLaunchTests.swift */ = {isa = PBXFileReference; lastKnownFileType = sourcecode.swift; path = FeelGoodUITestsLaunchTests.swift; sourceTree = "<group>"; };
		CE68F0952C483D0300335706 /* Quote.swift */ = {isa = PBXFileReference; lastKnownFileType = sourcecode.swift; path = Quote.swift; sourceTree = "<group>"; };
		CE68F0972C483D8B00335706 /* GetQuote.swift */ = {isa = PBXFileReference; lastKnownFileType = sourcecode.swift; path = GetQuote.swift; sourceTree = "<group>"; };
		CE68F09F2C4844B300335706 /* QuoteViewModel.swift */ = {isa = PBXFileReference; lastKnownFileType = sourcecode.swift; path = QuoteViewModel.swift; sourceTree = "<group>"; };
		CE68F0A12C4846B300335706 /* QuoteView.swift */ = {isa = PBXFileReference; lastKnownFileType = sourcecode.swift; path = QuoteView.swift; sourceTree = "<group>"; };
		CEB2B55D2C48538E004AF898 /* ImageLoader.swift */ = {isa = PBXFileReference; lastKnownFileType = sourcecode.swift; path = ImageLoader.swift; sourceTree = "<group>"; };
		CED88D782C492C3900AF0A08 /* SplashQuoteView.swift */ = {isa = PBXFileReference; lastKnownFileType = sourcecode.swift; path = SplashQuoteView.swift; sourceTree = "<group>"; };
		CED88D7B2C495A3A00AF0A08 /* ImageViewBuilder.swift */ = {isa = PBXFileReference; lastKnownFileType = sourcecode.swift; path = ImageViewBuilder.swift; sourceTree = "<group>"; };
		CED88D7D2C495B5400AF0A08 /* QuoteTextViewBuilder.swift */ = {isa = PBXFileReference; lastKnownFileType = sourcecode.swift; path = QuoteTextViewBuilder.swift; sourceTree = "<group>"; };
		CED88D7F2C495CC700AF0A08 /* AuthorTextBuilder.swift */ = {isa = PBXFileReference; lastKnownFileType = sourcecode.swift; path = AuthorTextBuilder.swift; sourceTree = "<group>"; };
/* End PBXFileReference section */

/* Begin PBXFrameworksBuildPhase section */
		CE68F0622C48064400335706 /* Frameworks */ = {
			isa = PBXFrameworksBuildPhase;
			buildActionMask = 2147483647;
			files = (
			);
			runOnlyForDeploymentPostprocessing = 0;
		};
		CE68F0722C48064A00335706 /* Frameworks */ = {
			isa = PBXFrameworksBuildPhase;
			buildActionMask = 2147483647;
			files = (
			);
			runOnlyForDeploymentPostprocessing = 0;
		};
		CE68F07C2C48064A00335706 /* Frameworks */ = {
			isa = PBXFrameworksBuildPhase;
			buildActionMask = 2147483647;
			files = (
			);
			runOnlyForDeploymentPostprocessing = 0;
		};
/* End PBXFrameworksBuildPhase section */

/* Begin PBXGroup section */
		CE68F05C2C48064400335706 = {
			isa = PBXGroup;
			children = (
				CE68F0672C48064400335706 /* FeelGood */,
				CE68F0782C48064A00335706 /* FeelGoodTests */,
				CE68F0822C48064A00335706 /* FeelGoodUITests */,
				CE68F0662C48064400335706 /* Products */,
			);
			sourceTree = "<group>";
		};
		CE68F0662C48064400335706 /* Products */ = {
			isa = PBXGroup;
			children = (
				CE68F0652C48064400335706 /* FeelGood.app */,
				CE68F0752C48064A00335706 /* FeelGoodTests.xctest */,
				CE68F07F2C48064A00335706 /* FeelGoodUITests.xctest */,
			);
			name = Products;
			sourceTree = "<group>";
		};
		CE68F0672C48064400335706 /* FeelGood */ = {
			isa = PBXGroup;
			children = (
				CED88D7A2C495A1600AF0A08 /* ViewBuilders */,
				CE68F09A2C48400B00335706 /* ViewModel */,
				CE68F0992C483FFC00335706 /* View */,
				CE68F0922C483A8E00335706 /* Model */,
				CE68F0682C48064400335706 /* FeelGoodApp.swift */,
				CE68F06C2C48064900335706 /* Assets.xcassets */,
				CE68F06E2C48064900335706 /* Preview Content */,
			);
			path = FeelGood;
			sourceTree = "<group>";
		};
		CE68F06E2C48064900335706 /* Preview Content */ = {
			isa = PBXGroup;
			children = (
				CE68F06F2C48064900335706 /* Preview Assets.xcassets */,
			);
			path = "Preview Content";
			sourceTree = "<group>";
		};
		CE68F0782C48064A00335706 /* FeelGoodTests */ = {
			isa = PBXGroup;
			children = (
				CE68F0792C48064A00335706 /* FeelGoodTests.swift */,
			);
			path = FeelGoodTests;
			sourceTree = "<group>";
		};
		CE68F0822C48064A00335706 /* FeelGoodUITests */ = {
			isa = PBXGroup;
			children = (
				CE68F0832C48064A00335706 /* FeelGoodUITests.swift */,
				CE68F0852C48064A00335706 /* FeelGoodUITestsLaunchTests.swift */,
			);
			path = FeelGoodUITests;
			sourceTree = "<group>";
		};
		CE68F0922C483A8E00335706 /* Model */ = {
			isa = PBXGroup;
			children = (
				CE68F0952C483D0300335706 /* Quote.swift */,
				CE68F0972C483D8B00335706 /* GetQuote.swift */,
				CEB2B55D2C48538E004AF898 /* ImageLoader.swift */,
			);
			path = Model;
			sourceTree = "<group>";
		};
		CE68F0992C483FFC00335706 /* View */ = {
			isa = PBXGroup;
			children = (
				CE68F0A12C4846B300335706 /* QuoteView.swift */,
				CED88D782C492C3900AF0A08 /* SplashQuoteView.swift */,
			);
			path = View;
			sourceTree = "<group>";
		};
		CE68F09A2C48400B00335706 /* ViewModel */ = {
			isa = PBXGroup;
			children = (
				CE68F09F2C4844B300335706 /* QuoteViewModel.swift */,
			);
			path = ViewModel;
			sourceTree = "<group>";
		};
		CED88D7A2C495A1600AF0A08 /* ViewBuilders */ = {
			isa = PBXGroup;
			children = (
				CED88D7B2C495A3A00AF0A08 /* ImageViewBuilder.swift */,
				CED88D7D2C495B5400AF0A08 /* QuoteTextViewBuilder.swift */,
				CED88D7F2C495CC700AF0A08 /* AuthorTextBuilder.swift */,
			);
			path = ViewBuilders;
			sourceTree = "<group>";
		};
/* End PBXGroup section */

/* Begin PBXNativeTarget section */
		CE68F0642C48064400335706 /* FeelGood */ = {
			isa = PBXNativeTarget;
			buildConfigurationList = CE68F0892C48064A00335706 /* Build configuration list for PBXNativeTarget "FeelGood" */;
			buildPhases = (
				CE68F0612C48064400335706 /* Sources */,
				CE68F0622C48064400335706 /* Frameworks */,
				CE68F0632C48064400335706 /* Resources */,
			);
			buildRules = (
			);
			dependencies = (
			);
			name = FeelGood;
			productName = FeelGood;
			productReference = CE68F0652C48064400335706 /* FeelGood.app */;
			productType = "com.apple.product-type.application";
		};
		CE68F0742C48064A00335706 /* FeelGoodTests */ = {
			isa = PBXNativeTarget;
			buildConfigurationList = CE68F08C2C48064A00335706 /* Build configuration list for PBXNativeTarget "FeelGoodTests" */;
			buildPhases = (
				CE68F0712C48064A00335706 /* Sources */,
				CE68F0722C48064A00335706 /* Frameworks */,
				CE68F0732C48064A00335706 /* Resources */,
			);
			buildRules = (
			);
			dependencies = (
				CE68F0772C48064A00335706 /* PBXTargetDependency */,
			);
			name = FeelGoodTests;
			productName = FeelGoodTests;
			productReference = CE68F0752C48064A00335706 /* FeelGoodTests.xctest */;
			productType = "com.apple.product-type.bundle.unit-test";
		};
		CE68F07E2C48064A00335706 /* FeelGoodUITests */ = {
			isa = PBXNativeTarget;
			buildConfigurationList = CE68F08F2C48064A00335706 /* Build configuration list for PBXNativeTarget "FeelGoodUITests" */;
			buildPhases = (
				CE68F07B2C48064A00335706 /* Sources */,
				CE68F07C2C48064A00335706 /* Frameworks */,
				CE68F07D2C48064A00335706 /* Resources */,
			);
			buildRules = (
			);
			dependencies = (
				CE68F0812C48064A00335706 /* PBXTargetDependency */,
			);
			name = FeelGoodUITests;
			productName = FeelGoodUITests;
			productReference = CE68F07F2C48064A00335706 /* FeelGoodUITests.xctest */;
			productType = "com.apple.product-type.bundle.ui-testing";
		};
/* End PBXNativeTarget section */

/* Begin PBXProject section */
		CE68F05D2C48064400335706 /* Project object */ = {
			isa = PBXProject;
			attributes = {
				BuildIndependentTargetsInParallel = 1;
				LastSwiftUpdateCheck = 1540;
				LastUpgradeCheck = 1540;
				TargetAttributes = {
					CE68F0642C48064400335706 = {
						CreatedOnToolsVersion = 15.4;
					};
					CE68F0742C48064A00335706 = {
						CreatedOnToolsVersion = 15.4;
						TestTargetID = CE68F0642C48064400335706;
					};
					CE68F07E2C48064A00335706 = {
						CreatedOnToolsVersion = 15.4;
						TestTargetID = CE68F0642C48064400335706;
					};
				};
			};
			buildConfigurationList = CE68F0602C48064400335706 /* Build configuration list for PBXProject "FeelGood" */;
			compatibilityVersion = "Xcode 14.0";
			developmentRegion = en;
			hasScannedForEncodings = 0;
			knownRegions = (
				en,
				Base,
			);
			mainGroup = CE68F05C2C48064400335706;
			productRefGroup = CE68F0662C48064400335706 /* Products */;
			projectDirPath = "";
			projectRoot = "";
			targets = (
				CE68F0642C48064400335706 /* FeelGood */,
				CE68F0742C48064A00335706 /* FeelGoodTests */,
				CE68F07E2C48064A00335706 /* FeelGoodUITests */,
			);
		};
/* End PBXProject section */

/* Begin PBXResourcesBuildPhase section */
		CE68F0632C48064400335706 /* Resources */ = {
			isa = PBXResourcesBuildPhase;
			buildActionMask = 2147483647;
			files = (
				CE68F0702C48064900335706 /* Preview Assets.xcassets in Resources */,
				CE68F06D2C48064900335706 /* Assets.xcassets in Resources */,
			);
			runOnlyForDeploymentPostprocessing = 0;
		};
		CE68F0732C48064A00335706 /* Resources */ = {
			isa = PBXResourcesBuildPhase;
			buildActionMask = 2147483647;
			files = (
			);
			runOnlyForDeploymentPostprocessing = 0;
		};
		CE68F07D2C48064A00335706 /* Resources */ = {
			isa = PBXResourcesBuildPhase;
			buildActionMask = 2147483647;
			files = (
			);
			runOnlyForDeploymentPostprocessing = 0;
		};
/* End PBXResourcesBuildPhase section */

/* Begin PBXSourcesBuildPhase section */
		CE68F0612C48064400335706 /* Sources */ = {
			isa = PBXSourcesBuildPhase;
			buildActionMask = 2147483647;
			files = (
				CE68F0962C483D0300335706 /* Quote.swift in Sources */,
				CE68F0A02C4844B300335706 /* QuoteViewModel.swift in Sources */,
				CE68F0A22C4846B400335706 /* QuoteView.swift in Sources */,
				CE68F0692C48064400335706 /* FeelGoodApp.swift in Sources */,
				CEB2B55E2C48538E004AF898 /* ImageLoader.swift in Sources */,
				CED88D792C492C3900AF0A08 /* SplashQuoteView.swift in Sources */,
				CED88D7C2C495A3A00AF0A08 /* ImageViewBuilder.swift in Sources */,
				CED88D802C495CC700AF0A08 /* AuthorTextBuilder.swift in Sources */,
				CE68F0982C483D8B00335706 /* GetQuote.swift in Sources */,
				CED88D7E2C495B5400AF0A08 /* QuoteTextViewBuilder.swift in Sources */,
			);
			runOnlyForDeploymentPostprocessing = 0;
		};
		CE68F0712C48064A00335706 /* Sources */ = {
			isa = PBXSourcesBuildPhase;
			buildActionMask = 2147483647;
			files = (
				CE68F07A2C48064A00335706 /* FeelGoodTests.swift in Sources */,
			);
			runOnlyForDeploymentPostprocessing = 0;
		};
		CE68F07B2C48064A00335706 /* Sources */ = {
			isa = PBXSourcesBuildPhase;
			buildActionMask = 2147483647;
			files = (
				CE68F0862C48064A00335706 /* FeelGoodUITestsLaunchTests.swift in Sources */,
				CE68F0842C48064A00335706 /* FeelGoodUITests.swift in Sources */,
			);
			runOnlyForDeploymentPostprocessing = 0;
		};
/* End PBXSourcesBuildPhase section */

/* Begin PBXTargetDependency section */
		CE68F0772C48064A00335706 /* PBXTargetDependency */ = {
			isa = PBXTargetDependency;
			target = CE68F0642C48064400335706 /* FeelGood */;
			targetProxy = CE68F0762C48064A00335706 /* PBXContainerItemProxy */;
		};
		CE68F0812C48064A00335706 /* PBXTargetDependency */ = {
			isa = PBXTargetDependency;
			target = CE68F0642C48064400335706 /* FeelGood */;
			targetProxy = CE68F0802C48064A00335706 /* PBXContainerItemProxy */;
		};
/* End PBXTargetDependency section */

/* Begin XCBuildConfiguration section */
		CE68F0872C48064A00335706 /* Debug */ = {
			isa = XCBuildConfiguration;
			buildSettings = {
				ALWAYS_SEARCH_USER_PATHS = NO;
				ASSETCATALOG_COMPILER_GENERATE_SWIFT_ASSET_SYMBOL_EXTENSIONS = YES;
				CLANG_ANALYZER_NONNULL = YES;
				CLANG_ANALYZER_NUMBER_OBJECT_CONVERSION = YES_AGGRESSIVE;
				CLANG_CXX_LANGUAGE_STANDARD = "gnu++20";
				CLANG_ENABLE_MODULES = YES;
				CLANG_ENABLE_OBJC_ARC = YES;
				CLANG_ENABLE_OBJC_WEAK = YES;
				CLANG_WARN_BLOCK_CAPTURE_AUTORELEASING = YES;
				CLANG_WARN_BOOL_CONVERSION = YES;
				CLANG_WARN_COMMA = YES;
				CLANG_WARN_CONSTANT_CONVERSION = YES;
				CLANG_WARN_DEPRECATED_OBJC_IMPLEMENTATIONS = YES;
				CLANG_WARN_DIRECT_OBJC_ISA_USAGE = YES_ERROR;
				CLANG_WARN_DOCUMENTATION_COMMENTS = YES;
				CLANG_WARN_EMPTY_BODY = YES;
				CLANG_WARN_ENUM_CONVERSION = YES;
				CLANG_WARN_INFINITE_RECURSION = YES;
				CLANG_WARN_INT_CONVERSION = YES;
				CLANG_WARN_NON_LITERAL_NULL_CONVERSION = YES;
				CLANG_WARN_OBJC_IMPLICIT_RETAIN_SELF = YES;
				CLANG_WARN_OBJC_LITERAL_CONVERSION = YES;
				CLANG_WARN_OBJC_ROOT_CLASS = YES_ERROR;
				CLANG_WARN_QUOTED_INCLUDE_IN_FRAMEWORK_HEADER = YES;
				CLANG_WARN_RANGE_LOOP_ANALYSIS = YES;
				CLANG_WARN_STRICT_PROTOTYPES = YES;
				CLANG_WARN_SUSPICIOUS_MOVE = YES;
				CLANG_WARN_UNGUARDED_AVAILABILITY = YES_AGGRESSIVE;
				CLANG_WARN_UNREACHABLE_CODE = YES;
				CLANG_WARN__DUPLICATE_METHOD_MATCH = YES;
				COPY_PHASE_STRIP = NO;
				DEBUG_INFORMATION_FORMAT = dwarf;
				ENABLE_STRICT_OBJC_MSGSEND = YES;
				ENABLE_TESTABILITY = YES;
				ENABLE_USER_SCRIPT_SANDBOXING = YES;
				GCC_C_LANGUAGE_STANDARD = gnu17;
				GCC_DYNAMIC_NO_PIC = NO;
				GCC_NO_COMMON_BLOCKS = YES;
				GCC_OPTIMIZATION_LEVEL = 0;
				GCC_PREPROCESSOR_DEFINITIONS = (
					"DEBUG=1",
					"$(inherited)",
				);
				GCC_WARN_64_TO_32_BIT_CONVERSION = YES;
				GCC_WARN_ABOUT_RETURN_TYPE = YES_ERROR;
				GCC_WARN_UNDECLARED_SELECTOR = YES;
				GCC_WARN_UNINITIALIZED_AUTOS = YES_AGGRESSIVE;
				GCC_WARN_UNUSED_FUNCTION = YES;
				GCC_WARN_UNUSED_VARIABLE = YES;
				IPHONEOS_DEPLOYMENT_TARGET = 17.5;
				LOCALIZATION_PREFERS_STRING_CATALOGS = YES;
				MTL_ENABLE_DEBUG_INFO = INCLUDE_SOURCE;
				MTL_FAST_MATH = YES;
				ONLY_ACTIVE_ARCH = YES;
				SDKROOT = iphoneos;
				SWIFT_ACTIVE_COMPILATION_CONDITIONS = "DEBUG $(inherited)";
				SWIFT_OPTIMIZATION_LEVEL = "-Onone";
			};
			name = Debug;
		};
		CE68F0882C48064A00335706 /* Release */ = {
			isa = XCBuildConfiguration;
			buildSettings = {
				ALWAYS_SEARCH_USER_PATHS = NO;
				ASSETCATALOG_COMPILER_GENERATE_SWIFT_ASSET_SYMBOL_EXTENSIONS = YES;
				CLANG_ANALYZER_NONNULL = YES;
				CLANG_ANALYZER_NUMBER_OBJECT_CONVERSION = YES_AGGRESSIVE;
				CLANG_CXX_LANGUAGE_STANDARD = "gnu++20";
				CLANG_ENABLE_MODULES = YES;
				CLANG_ENABLE_OBJC_ARC = YES;
				CLANG_ENABLE_OBJC_WEAK = YES;
				CLANG_WARN_BLOCK_CAPTURE_AUTORELEASING = YES;
				CLANG_WARN_BOOL_CONVERSION = YES;
				CLANG_WARN_COMMA = YES;
				CLANG_WARN_CONSTANT_CONVERSION = YES;
				CLANG_WARN_DEPRECATED_OBJC_IMPLEMENTATIONS = YES;
				CLANG_WARN_DIRECT_OBJC_ISA_USAGE = YES_ERROR;
				CLANG_WARN_DOCUMENTATION_COMMENTS = YES;
				CLANG_WARN_EMPTY_BODY = YES;
				CLANG_WARN_ENUM_CONVERSION = YES;
				CLANG_WARN_INFINITE_RECURSION = YES;
				CLANG_WARN_INT_CONVERSION = YES;
				CLANG_WARN_NON_LITERAL_NULL_CONVERSION = YES;
				CLANG_WARN_OBJC_IMPLICIT_RETAIN_SELF = YES;
				CLANG_WARN_OBJC_LITERAL_CONVERSION = YES;
				CLANG_WARN_OBJC_ROOT_CLASS = YES_ERROR;
				CLANG_WARN_QUOTED_INCLUDE_IN_FRAMEWORK_HEADER = YES;
				CLANG_WARN_RANGE_LOOP_ANALYSIS = YES;
				CLANG_WARN_STRICT_PROTOTYPES = YES;
				CLANG_WARN_SUSPICIOUS_MOVE = YES;
				CLANG_WARN_UNGUARDED_AVAILABILITY = YES_AGGRESSIVE;
				CLANG_WARN_UNREACHABLE_CODE = YES;
				CLANG_WARN__DUPLICATE_METHOD_MATCH = YES;
				COPY_PHASE_STRIP = NO;
				DEBUG_INFORMATION_FORMAT = "dwarf-with-dsym";
				ENABLE_NS_ASSERTIONS = NO;
				ENABLE_STRICT_OBJC_MSGSEND = YES;
				ENABLE_USER_SCRIPT_SANDBOXING = YES;
				GCC_C_LANGUAGE_STANDARD = gnu17;
				GCC_NO_COMMON_BLOCKS = YES;
				GCC_WARN_64_TO_32_BIT_CONVERSION = YES;
				GCC_WARN_ABOUT_RETURN_TYPE = YES_ERROR;
				GCC_WARN_UNDECLARED_SELECTOR = YES;
				GCC_WARN_UNINITIALIZED_AUTOS = YES_AGGRESSIVE;
				GCC_WARN_UNUSED_FUNCTION = YES;
				GCC_WARN_UNUSED_VARIABLE = YES;
				IPHONEOS_DEPLOYMENT_TARGET = 17.5;
				LOCALIZATION_PREFERS_STRING_CATALOGS = YES;
				MTL_ENABLE_DEBUG_INFO = NO;
				MTL_FAST_MATH = YES;
				SDKROOT = iphoneos;
				SWIFT_COMPILATION_MODE = wholemodule;
				VALIDATE_PRODUCT = YES;
			};
			name = Release;
		};
		CE68F08A2C48064A00335706 /* Debug */ = {
			isa = XCBuildConfiguration;
			buildSettings = {
				ASSETCATALOG_COMPILER_APPICON_NAME = AppIcon;
				ASSETCATALOG_COMPILER_GLOBAL_ACCENT_COLOR_NAME = AccentColor;
				CODE_SIGN_STYLE = Automatic;
				CURRENT_PROJECT_VERSION = 1;
				DEVELOPMENT_ASSET_PATHS = "\"FeelGood/Preview Content\"";
				ENABLE_PREVIEWS = YES;
				GENERATE_INFOPLIST_FILE = YES;
				INFOPLIST_KEY_UIApplicationSceneManifest_Generation = YES;
				INFOPLIST_KEY_UIApplicationSupportsIndirectInputEvents = YES;
				INFOPLIST_KEY_UILaunchScreen_Generation = YES;
				INFOPLIST_KEY_UISupportedInterfaceOrientations_iPad = "UIInterfaceOrientationPortrait UIInterfaceOrientationPortraitUpsideDown UIInterfaceOrientationLandscapeLeft UIInterfaceOrientationLandscapeRight";
				INFOPLIST_KEY_UISupportedInterfaceOrientations_iPhone = "UIInterfaceOrientationPortrait UIInterfaceOrientationLandscapeLeft UIInterfaceOrientationLandscapeRight";
				LD_RUNPATH_SEARCH_PATHS = (
					"$(inherited)",
					"@executable_path/Frameworks",
				);
				MARKETING_VERSION = 1.0;
				PRODUCT_BUNDLE_IDENTIFIER = julie.FeelGood;
				PRODUCT_NAME = "$(TARGET_NAME)";
				SWIFT_EMIT_LOC_STRINGS = YES;
				SWIFT_VERSION = 5.0;
				TARGETED_DEVICE_FAMILY = "1,2";
			};
			name = Debug;
		};
		CE68F08B2C48064A00335706 /* Release */ = {
			isa = XCBuildConfiguration;
			buildSettings = {
				ASSETCATALOG_COMPILER_APPICON_NAME = AppIcon;
				ASSETCATALOG_COMPILER_GLOBAL_ACCENT_COLOR_NAME = AccentColor;
				CODE_SIGN_STYLE = Automatic;
				CURRENT_PROJECT_VERSION = 1;
				DEVELOPMENT_ASSET_PATHS = "\"FeelGood/Preview Content\"";
				ENABLE_PREVIEWS = YES;
				GENERATE_INFOPLIST_FILE = YES;
				INFOPLIST_KEY_UIApplicationSceneManifest_Generation = YES;
				INFOPLIST_KEY_UIApplicationSupportsIndirectInputEvents = YES;
				INFOPLIST_KEY_UILaunchScreen_Generation = YES;
				INFOPLIST_KEY_UISupportedInterfaceOrientations_iPad = "UIInterfaceOrientationPortrait UIInterfaceOrientationPortraitUpsideDown UIInterfaceOrientationLandscapeLeft UIInterfaceOrientationLandscapeRight";
				INFOPLIST_KEY_UISupportedInterfaceOrientations_iPhone = "UIInterfaceOrientationPortrait UIInterfaceOrientationLandscapeLeft UIInterfaceOrientationLandscapeRight";
				LD_RUNPATH_SEARCH_PATHS = (
					"$(inherited)",
					"@executable_path/Frameworks",
				);
				MARKETING_VERSION = 1.0;
				PRODUCT_BUNDLE_IDENTIFIER = julie.FeelGood;
				PRODUCT_NAME = "$(TARGET_NAME)";
				SWIFT_EMIT_LOC_STRINGS = YES;
				SWIFT_VERSION = 5.0;
				TARGETED_DEVICE_FAMILY = "1,2";
			};
			name = Release;
		};
		CE68F08D2C48064A00335706 /* Debug */ = {
			isa = XCBuildConfiguration;
			buildSettings = {
				ALWAYS_EMBED_SWIFT_STANDARD_LIBRARIES = YES;
				BUNDLE_LOADER = "$(TEST_HOST)";
				CODE_SIGN_STYLE = Automatic;
				CURRENT_PROJECT_VERSION = 1;
				GENERATE_INFOPLIST_FILE = YES;
				IPHONEOS_DEPLOYMENT_TARGET = 17.5;
				MARKETING_VERSION = 1.0;
				PRODUCT_BUNDLE_IDENTIFIER = julie.FeelGoodTests;
				PRODUCT_NAME = "$(TARGET_NAME)";
				SWIFT_EMIT_LOC_STRINGS = NO;
				SWIFT_VERSION = 5.0;
				TARGETED_DEVICE_FAMILY = "1,2";
				TEST_HOST = "$(BUILT_PRODUCTS_DIR)/FeelGood.app/$(BUNDLE_EXECUTABLE_FOLDER_PATH)/FeelGood";
			};
			name = Debug;
		};
		CE68F08E2C48064A00335706 /* Release */ = {
			isa = XCBuildConfiguration;
			buildSettings = {
				ALWAYS_EMBED_SWIFT_STANDARD_LIBRARIES = YES;
				BUNDLE_LOADER = "$(TEST_HOST)";
				CODE_SIGN_STYLE = Automatic;
				CURRENT_PROJECT_VERSION = 1;
				GENERATE_INFOPLIST_FILE = YES;
				IPHONEOS_DEPLOYMENT_TARGET = 17.5;
				MARKETING_VERSION = 1.0;
				PRODUCT_BUNDLE_IDENTIFIER = julie.FeelGoodTests;
				PRODUCT_NAME = "$(TARGET_NAME)";
				SWIFT_EMIT_LOC_STRINGS = NO;
				SWIFT_VERSION = 5.0;
				TARGETED_DEVICE_FAMILY = "1,2";
				TEST_HOST = "$(BUILT_PRODUCTS_DIR)/FeelGood.app/$(BUNDLE_EXECUTABLE_FOLDER_PATH)/FeelGood";
			};
			name = Release;
		};
		CE68F0902C48064A00335706 /* Debug */ = {
			isa = XCBuildConfiguration;
			buildSettings = {
				ALWAYS_EMBED_SWIFT_STANDARD_LIBRARIES = YES;
				CODE_SIGN_STYLE = Automatic;
				CURRENT_PROJECT_VERSION = 1;
				GENERATE_INFOPLIST_FILE = YES;
				MARKETING_VERSION = 1.0;
				PRODUCT_BUNDLE_IDENTIFIER = julie.FeelGoodUITests;
				PRODUCT_NAME = "$(TARGET_NAME)";
				SWIFT_EMIT_LOC_STRINGS = NO;
				SWIFT_VERSION = 5.0;
				TARGETED_DEVICE_FAMILY = "1,2";
				TEST_TARGET_NAME = FeelGood;
			};
			name = Debug;
		};
		CE68F0912C48064A00335706 /* Release */ = {
			isa = XCBuildConfiguration;
			buildSettings = {
				ALWAYS_EMBED_SWIFT_STANDARD_LIBRARIES = YES;
				CODE_SIGN_STYLE = Automatic;
				CURRENT_PROJECT_VERSION = 1;
				GENERATE_INFOPLIST_FILE = YES;
				MARKETING_VERSION = 1.0;
				PRODUCT_BUNDLE_IDENTIFIER = julie.FeelGoodUITests;
				PRODUCT_NAME = "$(TARGET_NAME)";
				SWIFT_EMIT_LOC_STRINGS = NO;
				SWIFT_VERSION = 5.0;
				TARGETED_DEVICE_FAMILY = "1,2";
				TEST_TARGET_NAME = FeelGood;
			};
			name = Release;
		};
/* End XCBuildConfiguration section */

/* Begin XCConfigurationList section */
		CE68F0602C48064400335706 /* Build configuration list for PBXProject "FeelGood" */ = {
			isa = XCConfigurationList;
			buildConfigurations = (
				CE68F0872C48064A00335706 /* Debug */,
				CE68F0882C48064A00335706 /* Release */,
			);
			defaultConfigurationIsVisible = 0;
			defaultConfigurationName = Release;
		};
		CE68F0892C48064A00335706 /* Build configuration list for PBXNativeTarget "FeelGood" */ = {
			isa = XCConfigurationList;
			buildConfigurations = (
				CE68F08A2C48064A00335706 /* Debug */,
				CE68F08B2C48064A00335706 /* Release */,
			);
			defaultConfigurationIsVisible = 0;
			defaultConfigurationName = Release;
		};
		CE68F08C2C48064A00335706 /* Build configuration list for PBXNativeTarget "FeelGoodTests" */ = {
			isa = XCConfigurationList;
			buildConfigurations = (
				CE68F08D2C48064A00335706 /* Debug */,
				CE68F08E2C48064A00335706 /* Release */,
			);
			defaultConfigurationIsVisible = 0;
			defaultConfigurationName = Release;
		};
		CE68F08F2C48064A00335706 /* Build configuration list for PBXNativeTarget "FeelGoodUITests" */ = {
			isa = XCConfigurationList;
			buildConfigurations = (
				CE68F0902C48064A00335706 /* Debug */,
				CE68F0912C48064A00335706 /* Release */,
			);
			defaultConfigurationIsVisible = 0;
			defaultConfigurationName = Release;
		};
/* End XCConfigurationList section */
	};
	rootObject = CE68F05D2C48064400335706 /* Project object */;
}
